
Microsoft Visual Studio Solution File, Format Version 12.00
# Visual Studio Version 17
VisualStudioVersion = 17.0.31611.283
MinimumVisualStudioVersion = 10.0.40219.1
Project("{9A19103F-16F7-4668-BE54-9A1E7A4F7556}") = "MenekuljMAUI", "MenekuljMAUI\MenekuljMAUI.csproj", "{3C5D5B8A-DB34-43AC-8CDB-1CFE6AF85785}"
EndProject
Project("{9A19103F-16F7-4668-BE54-9A1E7A4F7556}") = "Menekulj", "Menekulj\Menekulj.csproj", "{E863FDA0-D352-47BE-AB3F-4877B6BC4734}"
EndProject
Project("{9A19103F-16F7-4668-BE54-9A1E7A4F7556}") = "Tests", "FormsTest\Tests.csproj", "{5124CD5B-4E06-4F95-B85F-9B57A7AF2FAB}"
EndProject
Global
	GlobalSection(SolutionConfigurationPlatforms) = preSolution
		Debug|Any CPU = Debug|Any CPU
		Release|Any CPU = Release|Any CPU
	EndGlobalSection
	GlobalSection(ProjectConfigurationPlatforms) = postSolution
		{3C5D5B8A-DB34-43AC-8CDB-1CFE6AF85785}.Debug|Any CPU.ActiveCfg = Debug|Any CPU
		{3C5D5B8A-DB34-43AC-8CDB-1CFE6AF85785}.Debug|Any CPU.Build.0 = Debug|Any CPU
		{3C5D5B8A-DB34-43AC-8CDB-1CFE6AF85785}.Debug|Any CPU.Deploy.0 = Debug|Any CPU
		{3C5D5B8A-DB34-43AC-8CDB-1CFE6AF85785}.Release|Any CPU.ActiveCfg = Release|Any CPU
		{3C5D5B8A-DB34-43AC-8CDB-1CFE6AF85785}.Release|Any CPU.Build.0 = Release|Any CPU
		{3C5D5B8A-DB34-43AC-8CDB-1CFE6AF85785}.Release|Any CPU.Deploy.0 = Release|Any CPU
		{E863FDA0-D352-47BE-AB3F-4877B6BC4734}.Debug|Any CPU.ActiveCfg = Debug|Any CPU
		{E863FDA0-D352-47BE-AB3F-4877B6BC4734}.Debug|Any CPU.Build.0 = Debug|Any CPU
		{E863FDA0-D352-47BE-AB3F-4877B6BC4734}.Release|Any CPU.ActiveCfg = Release|Any CPU
		{E863FDA0-D352-47BE-AB3F-4877B6BC4734}.Release|Any CPU.Build.0 = Release|Any CPU
		{5124CD5B-4E06-4F95-B85F-9B57A7AF2FAB}.Debug|Any CPU.ActiveCfg = Debug|Any CPU
		{5124CD5B-4E06-4F95-B85F-9B57A7AF2FAB}.Debug|Any CPU.Build.0 = Debug|Any CPU
		{5124CD5B-4E06-4F95-B85F-9B57A7AF2FAB}.Release|Any CPU.ActiveCfg = Release|Any CPU
		{5124CD5B-4E06-4F95-B85F-9B57A7AF2FAB}.Release|Any CPU.Build.0 = Release|Any CPU
	EndGlobalSection
	GlobalSection(SolutionProperties) = preSolution
		HideSolutionNode = FALSE
	EndGlobalSection
	GlobalSection(ExtensibilityGlobals) = postSolution
		SolutionGuid = {61F7FB11-1E47-470C-91E2-47F8143E1572}
	EndGlobalSection
EndGlobal
